
Microsoft Visual Studio Solution File, Format Version 12.00
# Visual Studio 15
VisualStudioVersion = 15.0.27130.2010
MinimumVisualStudioVersion = 10.0.40219.1
Project("{8BC9CEB8-8B4A-11D0-8D11-00A0C91BC942}") = "AtCoder_Beginner_072_A", "AtCoder_Beginner_072_A\AtCoder_Beginner_072_A.vcxproj", "{DAA68BD0-C2F1-49B7-80FE-1C65BF116635}"
EndProject
Global
	GlobalSection(SolutionConfigurationPlatforms) = preSolution
		Debug|x64 = Debug|x64
		Debug|x86 = Debug|x86
		Release|x64 = Release|x64
		Release|x86 = Release|x86
	EndGlobalSection
	GlobalSection(ProjectConfigurationPlatforms) = postSolution
		{DAA68BD0-C2F1-49B7-80FE-1C65BF116635}.Debug|x64.ActiveCfg = Debug|x64
		{DAA68BD0-C2F1-49B7-80FE-1C65BF116635}.Debug|x64.Build.0 = Debug|x64
		{DAA68BD0-C2F1-49B7-80FE-1C65BF116635}.Debug|x86.ActiveCfg = Debug|Win32
		{DAA68BD0-C2F1-49B7-80FE-1C65BF116635}.Debug|x86.Build.0 = Debug|Win32
		{DAA68BD0-C2F1-49B7-80FE-1C65BF116635}.Release|x64.ActiveCfg = Release|x64
		{DAA68BD0-C2F1-49B7-80FE-1C65BF116635}.Release|x64.Build.0 = Release|x64
		{DAA68BD0-C2F1-49B7-80FE-1C65BF116635}.Release|x86.ActiveCfg = Release|Win32
		{DAA68BD0-C2F1-49B7-80FE-1C65BF116635}.Release|x86.Build.0 = Release|Win32
	EndGlobalSection
	GlobalSection(SolutionProperties) = preSolution
		HideSolutionNode = FALSE
	EndGlobalSection
	GlobalSection(ExtensibilityGlobals) = postSolution
		SolutionGuid = {B15B42C6-3708-4448-A3D3-38CB9B1E3F02}
	EndGlobalSection
EndGlobal
